
Microsoft Visual Studio Solution File, Format Version 12.00
# Visual Studio 15
VisualStudioVersion = 15.0.28307.329
MinimumVisualStudioVersion = 10.0.40219.1
Project("{888888A0-9F3D-457C-B088-3A5042F75D52}") = "audiotesting for 261", "audiotesting for 261\audiotesting for 261.pyproj", "{B2703C9A-4DDA-4D28-8812-271FE5A85AB3}"
EndProject
Global
	GlobalSection(SolutionConfigurationPlatforms) = preSolution
		Debug|Any CPU = Debug|Any CPU
		Release|Any CPU = Release|Any CPU
	EndGlobalSection
	GlobalSection(ProjectConfigurationPlatforms) = postSolution
		{B2703C9A-4DDA-4D28-8812-271FE5A85AB3}.Debug|Any CPU.ActiveCfg = Debug|Any CPU
		{B2703C9A-4DDA-4D28-8812-271FE5A85AB3}.Release|Any CPU.ActiveCfg = Release|Any CPU
	EndGlobalSection
	GlobalSection(SolutionProperties) = preSolution
		HideSolutionNode = FALSE
	EndGlobalSection
	GlobalSection(ExtensibilityGlobals) = postSolution
		SolutionGuid = {12592328-98B7-4373-B48C-1E968A2D28CC}
	EndGlobalSection
EndGlobal
